# This file is generated by running "yarn install" inside your project.
# Manual changes might be lost - proceed with caution!

__metadata:
  version: 6
  cacheKey: 8

"@pinata/sdk@npm:^2.1.0":
  version: 2.1.0
  resolution: "@pinata/sdk@npm:2.1.0"
  dependencies:
    axios: ^0.21.1
    form-data: ^2.3.3
    is-ipfs: ^0.6.0
    path: ^0.12.7
  checksum: 70f7ac667f663010f419a299593eb893cbbbb9de006a8f192cdc9d5fac8a45fbf1c123e46a36c17b7063f296528f602e55ee2edc65e20ee06219b4cf0f807ce8
  languageName: node
  linkType: hard

"@tma.js/sdk@npm:^1.5.1":
  version: 1.5.1
  resolution: "@tma.js/sdk@npm:1.5.1"
  checksum: f5df30211eea41238e841ac20cb91c839891319dbf6e34fd0f8d0678d6379ae2952c29f1344cd033a6cf08a85c7a09b73c3af3c75728ee0e2da69189b927233b
  languageName: node
  linkType: hard

"@types/node@npm:^20.11.30":
  version: 20.11.30
  resolution: "@types/node@npm:20.11.30"
  dependencies:
    undici-types: ~5.26.4
  checksum: 7597767aa3e44b0f1bf62efa522dd17741135f283c11de6a20ead8bb7016fb4999cc30adcd8f2bb29ebb216906c92894346ccd187de170927dc1e212d2c07c81
  languageName: node
  linkType: hard

"MintyTON@workspace:.":
  version: 0.0.0-use.local
  resolution: "MintyTON@workspace:."
  dependencies:
    "@pinata/sdk": ^2.1.0
    "@tma.js/sdk": ^1.5.1
    "@types/node": ^20.11.30
    csv-parser: ^3.0.0
    dotenv: ^16.4.5
    ton: ^13.9.0
    ton-core: ^0.53.0
    ton-crypto: ^3.2.0
    typescript: ^5.4.3
  languageName: unknown
  linkType: soft

"asynckit@npm:^0.4.0":
  version: 0.4.0
  resolution: "asynckit@npm:0.4.0"
  checksum: 7b78c451df768adba04e2d02e63e2d0bf3b07adcd6e42b4cf665cb7ce899bedd344c69a1dcbce355b5f972d597b25aaa1c1742b52cffd9caccb22f348114f6be
  languageName: node
  linkType: hard

"axios@npm:^0.21.1":
  version: 0.21.4
  resolution: "axios@npm:0.21.4"
  dependencies:
    follow-redirects: ^1.14.0
  checksum: 44245f24ac971e7458f3120c92f9d66d1fc695e8b97019139de5b0cc65d9b8104647db01e5f46917728edfc0cfd88eb30fc4c55e6053eef4ace76768ce95ff3c
  languageName: node
  linkType: hard

"axios@npm:^0.25.0":
  version: 0.25.0
  resolution: "axios@npm:0.25.0"
  dependencies:
    follow-redirects: ^1.14.7
  checksum: 2a8a3787c05f2a0c9c3878f49782357e2a9f38945b93018fb0c4fd788171c43dceefbb577988628e09fea53952744d1ecebde234b561f1e703aa43e0a598a3ad
  languageName: node
  linkType: hard

"base-x@npm:^3.0.2, base-x@npm:^3.0.8":
  version: 3.0.9
  resolution: "base-x@npm:3.0.9"
  dependencies:
    safe-buffer: ^5.0.1
  checksum: 957101d6fd09e1903e846fd8f69fd7e5e3e50254383e61ab667c725866bec54e5ece5ba49ce385128ae48f9ec93a26567d1d5ebb91f4d56ef4a9cc0d5a5481e8
  languageName: node
  linkType: hard

"base64-js@npm:^1.3.1":
  version: 1.5.1
  resolution: "base64-js@npm:1.5.1"
  checksum: 669632eb3745404c2f822a18fc3a0122d2f9a7a13f7fb8b5823ee19d1d2ff9ee5b52c53367176ea4ad093c332fd5ab4bd0ebae5a8e27917a4105a4cfc86b1005
  languageName: node
  linkType: hard

"bs58@npm:^4.0.1":
  version: 4.0.1
  resolution: "bs58@npm:4.0.1"
  dependencies:
    base-x: ^3.0.2
  checksum: b3c5365bb9e0c561e1a82f1a2d809a1a692059fae016be233a6127ad2f50a6b986467c3a50669ce4c18929dcccb297c5909314dd347a25a68c21b68eb3e95ac2
  languageName: node
  linkType: hard

"buffer@npm:^5.5.0, buffer@npm:^5.6.0":
  version: 5.7.1
  resolution: "buffer@npm:5.7.1"
  dependencies:
    base64-js: ^1.3.1
    ieee754: ^1.1.13
  checksum: e2cf8429e1c4c7b8cbd30834ac09bd61da46ce35f5c22a78e6c2f04497d6d25541b16881e30a019c6fd3154150650ccee27a308eff3e26229d788bbdeb08ab84
  languageName: node
  linkType: hard

"cids@npm:~0.7.0":
  version: 0.7.5
  resolution: "cids@npm:0.7.5"
  dependencies:
    buffer: ^5.5.0
    class-is: ^1.1.0
    multibase: ~0.6.0
    multicodec: ^1.0.0
    multihashes: ~0.4.15
  checksum: 54aa031bef76b08a2c934237696a4af2cfc8afb5d2727cb39ab69f6ac142ef312b9a0c6070dc2b4be0a43076d8961339d8bf85287773c647b3d1d25ce203f325
  languageName: node
  linkType: hard

"cids@npm:~0.8.0":
  version: 0.8.3
  resolution: "cids@npm:0.8.3"
  dependencies:
    buffer: ^5.6.0
    class-is: ^1.1.0
    multibase: ^1.0.0
    multicodec: ^1.0.1
    multihashes: ^1.0.1
  checksum: ca4b18e421a6f5e446e63f296ad5c91b55bd4dd4880a78777857b2279460259946691d383928503c4381f0e05f998c7bfab5b6e623acc2d4d237571d99c53d9d
  languageName: node
  linkType: hard

"class-is@npm:^1.1.0":
  version: 1.1.0
  resolution: "class-is@npm:1.1.0"
  checksum: 49024de3b264fc501a38dd59d8668f1a2b4973fa6fcef6b83d80fe6fe99a2000a8fbea5b50d4607169c65014843c9f6b41a4f8473df806c1b4787b4d47521880
  languageName: node
  linkType: hard

"combined-stream@npm:^1.0.6":
  version: 1.0.8
  resolution: "combined-stream@npm:1.0.8"
  dependencies:
    delayed-stream: ~1.0.0
  checksum: 49fa4aeb4916567e33ea81d088f6584749fc90c7abec76fd516bf1c5aa5c79f3584b5ba3de6b86d26ddd64bae5329c4c7479343250cfe71c75bb366eae53bb7c
  languageName: node
  linkType: hard

"csv-parser@npm:^3.0.0":
  version: 3.0.0
  resolution: "csv-parser@npm:3.0.0"
  dependencies:
    minimist: ^1.2.0
  bin:
    csv-parser: bin/csv-parser
  checksum: adc9d67d9f185249825570778c24d13004625301655330f6b735a052b9fdfbe1a239a014afb1f89939e0626ee573718f71f9f14164db7c17e4bcb2f38d6a162b
  languageName: node
  linkType: hard

"dataloader@npm:^2.0.0":
  version: 2.2.2
  resolution: "dataloader@npm:2.2.2"
  checksum: 4dabd247089c29f194e94d5434d504f99156c5c214a03463c20f3f17f40398d7e179edee69a27c16e315519ac8739042a810090087ae26449a0e685156a02c65
  languageName: node
  linkType: hard

"delayed-stream@npm:~1.0.0":
  version: 1.0.0
  resolution: "delayed-stream@npm:1.0.0"
  checksum: 46fe6e83e2cb1d85ba50bd52803c68be9bd953282fa7096f51fc29edd5d67ff84ff753c51966061e5ba7cb5e47ef6d36a91924eddb7f3f3483b1c560f77a0020
  languageName: node
  linkType: hard

"dotenv@npm:^16.4.5":
  version: 16.4.5
  resolution: "dotenv@npm:16.4.5"
  checksum: 301a12c3d44fd49888b74eb9ccf9f07a1f5df43f489e7fcb89647a2edcd84c42d6bc349dc8df099cd18f07c35c7b04685c1a4f3e6a6a9e6b30f8d48c15b7f49c
  languageName: node
  linkType: hard

"follow-redirects@npm:^1.14.0, follow-redirects@npm:^1.14.7":
  version: 1.15.6
  resolution: "follow-redirects@npm:1.15.6"
  peerDependenciesMeta:
    debug:
      optional: true
  checksum: a62c378dfc8c00f60b9c80cab158ba54e99ba0239a5dd7c81245e5a5b39d10f0c35e249c3379eae719ff0285fff88c365dd446fab19dee771f1d76252df1bbf5
  languageName: node
  linkType: hard

"form-data@npm:^2.3.3":
  version: 2.5.1
  resolution: "form-data@npm:2.5.1"
  dependencies:
    asynckit: ^0.4.0
    combined-stream: ^1.0.6
    mime-types: ^2.1.12
  checksum: 5134ada56cc246b293a1ac7678dba6830000603a3979cf83ff7b2f21f2e3725202237cfb89e32bcb38a1d35727efbd3c3a22e65b42321e8ade8eec01ce755d08
  languageName: node
  linkType: hard

"ieee754@npm:^1.1.13":
  version: 1.2.1
  resolution: "ieee754@npm:1.2.1"
  checksum: 5144c0c9815e54ada181d80a0b810221a253562422e7c6c3a60b1901154184f49326ec239d618c416c1c5945a2e197107aee8d986a3dd836b53dffefd99b5e7e
  languageName: node
  linkType: hard

"inherits@npm:2.0.3":
  version: 2.0.3
  resolution: "inherits@npm:2.0.3"
  checksum: 78cb8d7d850d20a5e9a7f3620db31483aa00ad5f722ce03a55b110e5a723539b3716a3b463e2b96ce3fe286f33afc7c131fa2f91407528ba80cea98a7545d4c0
  languageName: node
  linkType: hard

"ip-regex@npm:^4.0.0":
  version: 4.3.0
  resolution: "ip-regex@npm:4.3.0"
  checksum: 7ff904b891221b1847f3fdf3dbb3e6a8660dc39bc283f79eb7ed88f5338e1a3d1104b779bc83759159be266249c59c2160e779ee39446d79d4ed0890dfd06f08
  languageName: node
  linkType: hard

"is-ip@npm:^3.1.0":
  version: 3.1.0
  resolution: "is-ip@npm:3.1.0"
  dependencies:
    ip-regex: ^4.0.0
  checksum: da2c2b282407194adf2320bade0bad94be9c9d0bdab85ff45b1b62d8185f31c65dff3884519d57bf270277e5ea2046c7916a6e5a6db22fe4b7ddcdd3760f23eb
  languageName: node
  linkType: hard

"is-ipfs@npm:^0.6.0":
  version: 0.6.3
  resolution: "is-ipfs@npm:0.6.3"
  dependencies:
    bs58: ^4.0.1
    cids: ~0.7.0
    mafmt: ^7.0.0
    multiaddr: ^7.2.1
    multibase: ~0.6.0
    multihashes: ~0.4.13
  checksum: 10670511dc954e56512449e38faae43b6b36f29dd0132911d951db6e988d6af9daa1f8fb54f16867a17540f0338050addb2a0c1ceba6482a059913031e441ee4
  languageName: node
  linkType: hard

"jssha@npm:3.2.0":
  version: 3.2.0
  resolution: "jssha@npm:3.2.0"
  checksum: 2adb8a9a57a79360379e843c0548e240d072c2ef12aef39ef6a784315686bd6f65501e9353fdd2f3a604f64af07e7eab04a0ed92b221cdfea97d671d7b8e14f4
  languageName: node
  linkType: hard

"mafmt@npm:^7.0.0":
  version: 7.1.0
  resolution: "mafmt@npm:7.1.0"
  dependencies:
    multiaddr: ^7.3.0
  checksum: 5d891f2007e99e6bee0b741b07f65ab81c4bce4a0baab08d97f2b34a72a0b7647e3b6a36a3377162adf56faed18be9a62bc772ef64a4f15e65ea4d034be705f0
  languageName: node
  linkType: hard

"mime-db@npm:1.52.0":
  version: 1.52.0
  resolution: "mime-db@npm:1.52.0"
  checksum: 0d99a03585f8b39d68182803b12ac601d9c01abfa28ec56204fa330bc9f3d1c5e14beb049bafadb3dbdf646dfb94b87e24d4ec7b31b7279ef906a8ea9b6a513f
  languageName: node
  linkType: hard

"mime-types@npm:^2.1.12":
  version: 2.1.35
  resolution: "mime-types@npm:2.1.35"
  dependencies:
    mime-db: 1.52.0
  checksum: 89a5b7f1def9f3af5dad6496c5ed50191ae4331cc5389d7c521c8ad28d5fdad2d06fd81baf38fed813dc4e46bb55c8145bb0ff406330818c9cf712fb2e9b3836
  languageName: node
  linkType: hard

"minimist@npm:^1.2.0":
  version: 1.2.8
  resolution: "minimist@npm:1.2.8"
  checksum: 75a6d645fb122dad29c06a7597bddea977258957ed88d7a6df59b5cd3fe4a527e253e9bbf2e783e4b73657f9098b96a5fe96ab8a113655d4109108577ecf85b0
  languageName: node
  linkType: hard

"multiaddr@npm:^7.2.1, multiaddr@npm:^7.3.0":
  version: 7.5.0
  resolution: "multiaddr@npm:7.5.0"
  dependencies:
    buffer: ^5.5.0
    cids: ~0.8.0
    class-is: ^1.1.0
    is-ip: ^3.1.0
    multibase: ^0.7.0
    varint: ^5.0.0
  checksum: b1228f75af074f7797c37e5701c32732ccbb8828543d24f1a4b39a164c9407d8ae3a6783860fffd5956939d34acf21f76dae426c2dd6f5f598482c70eeae31cc
  languageName: node
  linkType: hard

"multibase@npm:^0.7.0":
  version: 0.7.0
  resolution: "multibase@npm:0.7.0"
  dependencies:
    base-x: ^3.0.8
    buffer: ^5.5.0
  checksum: 3a520897d706b3064b59ddee286a9e1a5b35bb19bd830f93d7ddecdbf69fa46648c8fda0fec49a5d4640b8b7ac9d5fe360417d6de2906599aa535f55bf6b8e58
  languageName: node
  linkType: hard

"multibase@npm:^1.0.0, multibase@npm:^1.0.1":
  version: 1.0.1
  resolution: "multibase@npm:1.0.1"
  dependencies:
    base-x: ^3.0.8
    buffer: ^5.5.0
  checksum: 5d34398f81dca137aafe65a171ed5d637cf789bebb4fd33e11c186bfecbe6435a3d4f5c0cf15282607215ccc3a55ff4150a42067e7bc7756a42554e5fbc6d0d5
  languageName: node
  linkType: hard

"multibase@npm:~0.6.0":
  version: 0.6.1
  resolution: "multibase@npm:0.6.1"
  dependencies:
    base-x: ^3.0.8
    buffer: ^5.5.0
  checksum: 0e25a978d2b5cf73e4cce31d032bad85230ea99e9394d259210f676a76539316e7c51bd7dcc9d83523ec7ea1f0e7a3353c5f69397639d78be9acbefa29431faa
  languageName: node
  linkType: hard

"multicodec@npm:^1.0.0, multicodec@npm:^1.0.1":
  version: 1.0.4
  resolution: "multicodec@npm:1.0.4"
  dependencies:
    buffer: ^5.6.0
    varint: ^5.0.0
  checksum: e6a2916fa76c023b1c90b32ae74f8a781cf0727f71660b245a5ed1db46add6f2ce1586bee5713b16caf0a724e81bfe0678d89910c20d3bb5fd9649dacb2be79e
  languageName: node
  linkType: hard

"multihashes@npm:^1.0.1":
  version: 1.0.1
  resolution: "multihashes@npm:1.0.1"
  dependencies:
    buffer: ^5.6.0
    multibase: ^1.0.1
    varint: ^5.0.0
  checksum: 21e338dfb23900f7c038ac708fab598b33bc3d8d02f636ff753969c575b934f979dec76936ca142c6fd126a8bd030f7f391a44a3681c92cab28311c8b0b70589
  languageName: node
  linkType: hard

"multihashes@npm:~0.4.13, multihashes@npm:~0.4.15":
  version: 0.4.21
  resolution: "multihashes@npm:0.4.21"
  dependencies:
    buffer: ^5.5.0
    multibase: ^0.7.0
    varint: ^5.0.0
  checksum: 688731560cf7384e899dc75c0da51e426eb7d058c5ea5eb57b224720a1108deb8797f1cd7f45599344d512d2877de99dd6a7b7773a095812365dea4ffe6ebd4c
  languageName: node
  linkType: hard

"path@npm:^0.12.7":
  version: 0.12.7
  resolution: "path@npm:0.12.7"
  dependencies:
    process: ^0.11.1
    util: ^0.10.3
  checksum: 5dedb71e78fc008fcba797defc0b4e1cf06c1f18e0a631e03ba5bb505136f587ff017afc14f9a3d481cbe77aeedff7dc0c1d2ce4d820c1ebf3c4281ca49423a1
  languageName: node
  linkType: hard

"process@npm:^0.11.1":
  version: 0.11.10
  resolution: "process@npm:0.11.10"
  checksum: bfcce49814f7d172a6e6a14d5fa3ac92cc3d0c3b9feb1279774708a719e19acd673995226351a082a9ae99978254e320ccda4240ddc474ba31a76c79491ca7c3
  languageName: node
  linkType: hard

"safe-buffer@npm:^5.0.1":
  version: 5.2.1
  resolution: "safe-buffer@npm:5.2.1"
  checksum: b99c4b41fdd67a6aaf280fcd05e9ffb0813654894223afb78a31f14a19ad220bba8aba1cb14eddce1fcfb037155fe6de4e861784eb434f7d11ed58d1e70dd491
  languageName: node
  linkType: hard

"symbol.inspect@npm:1.0.1":
  version: 1.0.1
  resolution: "symbol.inspect@npm:1.0.1"
  checksum: 47fa8d38d0bc5d04c06df2f71bba1a723ee0e015ca042c47b29c11f107877dd1a2e2d2154c9ef5eec11e92e4165d126c844f06d05da80e477581c8f284f05fdf
  languageName: node
  linkType: hard

"teslabot@npm:^1.3.0":
  version: 1.5.0
  resolution: "teslabot@npm:1.5.0"
  checksum: 1494f83b9070f3d0882c7ce089a69ea46f0f30ee24c14036880ed5f49882cd80ff47f1c5543c9c973d250596896640130c16b221e84be296474a02f65e7187d0
  languageName: node
  linkType: hard

"ton-core@npm:^0.53.0":
  version: 0.53.0
  resolution: "ton-core@npm:0.53.0"
  dependencies:
    symbol.inspect: 1.0.1
  peerDependencies:
    ton-crypto: ">=3.2.0"
  checksum: a0f6bc3034fda8521e1c628c1bedd5869166be29e4a1267268dd99e885ba25d5d7b67c88970b23bbb332d936ff1fe0d82f776ddb24649f938c047173b81a8629
  languageName: node
  linkType: hard

"ton-crypto-primitives@npm:2.0.0":
  version: 2.0.0
  resolution: "ton-crypto-primitives@npm:2.0.0"
  dependencies:
    jssha: 3.2.0
  checksum: a81e5e7f1e44a2f32c519d6a9c3512c047b837be2f90a4e5aa226378b330ec6f9d36c1937a21b947eb792ae819c6906cfbd5b5eeab891f9df486d570141fc749
  languageName: node
  linkType: hard

"ton-crypto@npm:^3.2.0":
  version: 3.2.0
  resolution: "ton-crypto@npm:3.2.0"
  dependencies:
    jssha: 3.2.0
    ton-crypto-primitives: 2.0.0
    tweetnacl: 1.0.3
  checksum: 5c4b077ce36f6d6583c6fee91be45ba88024cfb17927d2da8fce355f226dba559ba5dc91ee508b205c537d6dd6a34bfea17a26c2656ef80bd72f64d1a2604c45
  languageName: node
  linkType: hard

"ton@npm:^13.9.0":
  version: 13.9.0
  resolution: "ton@npm:13.9.0"
  dependencies:
    axios: ^0.25.0
    dataloader: ^2.0.0
    symbol.inspect: 1.0.1
    teslabot: ^1.3.0
    zod: ^3.21.4
  peerDependencies:
    ton-core: ">=0.53.0"
    ton-crypto: ">=3.2.0"
  checksum: 41223a54a6acb59f20415b92e2ff287877323c9928cb2efbb745196201d9c8e363653fb55564fa4942f7dde904094feb00f0e6d0d39d5fc9efa658e05e96b9fa
  languageName: node
  linkType: hard

"tweetnacl@npm:1.0.3":
  version: 1.0.3
  resolution: "tweetnacl@npm:1.0.3"
  checksum: e4a57cac188f0c53f24c7a33279e223618a2bfb5fea426231991652a13247bea06b081fd745d71291fcae0f4428d29beba1b984b1f1ce6f66b06a6d1ab90645c
  languageName: node
  linkType: hard

"typescript@npm:^5.4.3":
  version: 5.4.3
  resolution: "typescript@npm:5.4.3"
  bin:
    tsc: bin/tsc
    tsserver: bin/tsserver
  checksum: d74d731527e35e64d8d2dcf2f897cf8cfbc3428be0ad7c48434218ba4ae41239f53be7c90714089db1068c05cae22436af2ecba71fd36ecc5e7a9118af060198
  languageName: node
  linkType: hard

"typescript@patch:typescript@^5.4.3#~builtin<compat/typescript>":
  version: 5.4.3
  resolution: "typescript@patch:typescript@npm%3A5.4.3#~builtin<compat/typescript>::version=5.4.3&hash=85af82"
  bin:
    tsc: bin/tsc
    tsserver: bin/tsserver
  checksum: 3a62fe90aa79d68c9ce38ea5edb2957e62801c733b99f0e5a2b8b50922761f68f7d9a40d28c544b449866e81185cddb93cba2496d0ff3fa52ef5b1f8bcace38c
  languageName: node
  linkType: hard

"undici-types@npm:~5.26.4":
  version: 5.26.5
  resolution: "undici-types@npm:5.26.5"
  checksum: 3192ef6f3fd5df652f2dc1cd782b49d6ff14dc98e5dced492aa8a8c65425227da5da6aafe22523c67f035a272c599bb89cfe803c1db6311e44bed3042fc25487
  languageName: node
  linkType: hard

"util@npm:^0.10.3":
  version: 0.10.4
  resolution: "util@npm:0.10.4"
  dependencies:
    inherits: 2.0.3
  checksum: 913f9a90d05a60e91f91af01b8bd37e06bca4cc02d7b49e01089f9d5b78be2fffd61fb1a41b517de7238c5fc7337fa939c62d1fb4eb82e014894c7bee6637aaf
  languageName: node
  linkType: hard

"varint@npm:^5.0.0":
  version: 5.0.2
  resolution: "varint@npm:5.0.2"
  checksum: e1a66bf9a6cea96d1f13259170d4d41b845833acf3a9df990ea1e760d279bd70d5b1f4c002a50197efd2168a2fd43eb0b808444600fd4d23651e8d42fe90eb05
  languageName: node
  linkType: hard

"zod@npm:^3.21.4":
  version: 3.22.4
  resolution: "zod@npm:3.22.4"
  checksum: 80bfd7f8039b24fddeb0718a2ec7c02aa9856e4838d6aa4864335a047b6b37a3273b191ef335bf0b2002e5c514ef261ffcda5a589fb084a48c336ffc4cdbab7f
  languageName: node
  linkType: hard
